
Microsoft Visual Studio Solution File, Format Version 12.00
# Visual Studio Version 16
VisualStudioVersion = 16.0.31205.134
MinimumVisualStudioVersion = 10.0.40219.1
Project("{9A19103F-16F7-4668-BE54-9A1E7A4F7556}") = "Silver", "Silver\Silver.csproj", "{C9B9BC4A-7F05-4ABC-A834-887E8562D377}"
EndProject
Project("{9A19103F-16F7-4668-BE54-9A1E7A4F7556}") = "Silver.Test", "Silver.Test\Silver.Test.csproj", "{61A036ED-5296-4F04-99CA-03FA1E4FBFFA}"
EndProject
Project("{FAE04EC0-301F-11D3-BF4B-00C04F79EFBC}") = "Ohayo", "Ohayo\Ohayo.csproj", "{5793E70A-1F8E-4E8C-9CAF-E732F6FF33AE}"
EndProject
Global
	GlobalSection(SolutionConfigurationPlatforms) = preSolution
		Debug|Any CPU = Debug|Any CPU
		Release|Any CPU = Release|Any CPU
	EndGlobalSection
	GlobalSection(ProjectConfigurationPlatforms) = postSolution
		{C9B9BC4A-7F05-4ABC-A834-887E8562D377}.Debug|Any CPU.ActiveCfg = Debug|Any CPU
		{C9B9BC4A-7F05-4ABC-A834-887E8562D377}.Debug|Any CPU.Build.0 = Debug|Any CPU
		{C9B9BC4A-7F05-4ABC-A834-887E8562D377}.Release|Any CPU.ActiveCfg = Release|Any CPU
		{C9B9BC4A-7F05-4ABC-A834-887E8562D377}.Release|Any CPU.Build.0 = Release|Any CPU
		{61A036ED-5296-4F04-99CA-03FA1E4FBFFA}.Debug|Any CPU.ActiveCfg = Debug|Any CPU
		{61A036ED-5296-4F04-99CA-03FA1E4FBFFA}.Debug|Any CPU.Build.0 = Debug|Any CPU
		{61A036ED-5296-4F04-99CA-03FA1E4FBFFA}.Release|Any CPU.ActiveCfg = Release|Any CPU
		{61A036ED-5296-4F04-99CA-03FA1E4FBFFA}.Release|Any CPU.Build.0 = Release|Any CPU
		{5793E70A-1F8E-4E8C-9CAF-E732F6FF33AE}.Debug|Any CPU.ActiveCfg = Debug|Any CPU
		{5793E70A-1F8E-4E8C-9CAF-E732F6FF33AE}.Debug|Any CPU.Build.0 = Debug|Any CPU
		{5793E70A-1F8E-4E8C-9CAF-E732F6FF33AE}.Release|Any CPU.ActiveCfg = Release|Any CPU
		{5793E70A-1F8E-4E8C-9CAF-E732F6FF33AE}.Release|Any CPU.Build.0 = Release|Any CPU
	EndGlobalSection
	GlobalSection(SolutionProperties) = preSolution
		HideSolutionNode = FALSE
	EndGlobalSection
	GlobalSection(ExtensibilityGlobals) = postSolution
		SolutionGuid = {C16131D1-DDB3-4514-993D-CDE523FBBBC1}
	EndGlobalSection
EndGlobal
